<Solution>
  <Folder Name="/src/">
    <Project Path="src/Application/Application.csproj" Id="8b109122-9263-4f67-ae62-fc08ed087e8f" />
    <Project Path="src/Components/Components.csproj" />
    <Project Path="src/WebServerApp/WebServerApp.csproj" Id="8aed5563-b00d-4161-9439-537d660e66fe" />
    <Project Path="src/ViewModels/ViewModels.csproj" Id="b404869a-dc7b-4607-96b1-8a98baa5d3c7" />
    <Project Path="src/Services/Services.csproj" Id="212b6db2-186d-408c-9567-2b548338c2d8" />
    <Project Path="src/WebApp/WebApp.csproj" Id="c59c949b-6d31-4d56-8aee-ba3fa98f0082" />
  </Folder>
</Solution>
