<Solution>
  <Folder Name="/Shared/">
    <Project Path="Shared/ViewModels/ViewModels.csproj" Id="b404869a-dc7b-4607-96b1-8a98baa5d3c7" />
  </Folder>
  <Folder Name="/UI/">
    <Project Path="UI/Components/Components.csproj" />
    <Project Path="UI/WebApp/WebApp.csproj" Id="c59c949b-6d31-4d56-8aee-ba3fa98f0082" />
  </Folder>
</Solution>
