<Solution>
  <Folder Name="/src/">
    <Project Path="src/Application.Schema/Application.Schema.csproj" Id="9a67c0cc-3a7e-420c-8951-6b368cc5310b" />
    <Project Path="src/Application/Application.csproj" Id="8b109122-9263-4f67-ae62-fc08ed087e8f" />
    <Project Path="src/Components/Components.csproj" />
    <Project Path="src/WebServerApp/WebServerApp.csproj" Id="8aed5563-b00d-4161-9439-537d660e66fe" />
  </Folder>
</Solution>
